
Microsoft Visual Studio Solution File, Format Version 12.00
# Visual Studio Version 17
VisualStudioVersion = 17.1.32210.238
MinimumVisualStudioVersion = 10.0.40219.1
Project("{FAE04EC0-301F-11D3-BF4B-00C04F79EFBC}") = "MovieRentalSystem.WebUI", "MovieRentalSystem.WebUI\MovieRentalSystem.WebUI.csproj", "{3BBF7BF5-2B4E-464B-976F-6469A5CE0B40}"
EndProject
Global
	GlobalSection(SolutionConfigurationPlatforms) = preSolution
		Debug|Any CPU = Debug|Any CPU
		Release|Any CPU = Release|Any CPU
	EndGlobalSection
	GlobalSection(ProjectConfigurationPlatforms) = postSolution
		{3BBF7BF5-2B4E-464B-976F-6469A5CE0B40}.Debug|Any CPU.ActiveCfg = Debug|Any CPU
		{3BBF7BF5-2B4E-464B-976F-6469A5CE0B40}.Debug|Any CPU.Build.0 = Debug|Any CPU
		{3BBF7BF5-2B4E-464B-976F-6469A5CE0B40}.Release|Any CPU.ActiveCfg = Release|Any CPU
		{3BBF7BF5-2B4E-464B-976F-6469A5CE0B40}.Release|Any CPU.Build.0 = Release|Any CPU
	EndGlobalSection
	GlobalSection(SolutionProperties) = preSolution
		HideSolutionNode = FALSE
	EndGlobalSection
	GlobalSection(ExtensibilityGlobals) = postSolution
		SolutionGuid = {F888C351-1F2A-4C4D-966D-77BB9D81AC97}
	EndGlobalSection
EndGlobal
